// !$*UTF8*$!
{
	archiveVersion = 1;
	classes = {
	};
	objectVersion = 56;
	objects = {

/* Begin PBXBuildFile section */
		19457B69299D4B730036E5B7 /* main.cpp in Sources */ = {isa = PBXBuildFile; fileRef = 19457B68299D4B730036E5B7 /* main.cpp */; };
		19457B71299D4BB50036E5B7 /* Scene.cpp in Sources */ = {isa = PBXBuildFile; fileRef = 19457B6F299D4BB50036E5B7 /* Scene.cpp */; };
		19457B75299D4C0D0036E5B7 /* Raytracer.cpp in Sources */ = {isa = PBXBuildFile; fileRef = 19457B73299D4C0D0036E5B7 /* Raytracer.cpp */; };
		19457B78299D4C2C0036E5B7 /* SceneParser.cpp in Sources */ = {isa = PBXBuildFile; fileRef = 19457B76299D4C2C0036E5B7 /* SceneParser.cpp */; };
		19457B7B299D4C9C0036E5B7 /* vec3.cpp in Sources */ = {isa = PBXBuildFile; fileRef = 19457B79299D4C9C0036E5B7 /* vec3.cpp */; };
		194D1A70299F4A2600D0CCCB /* Ray.cpp in Sources */ = {isa = PBXBuildFile; fileRef = 194D1A6E299F4A2600D0CCCB /* Ray.cpp */; };
		195FE997299E01670049D797 /* PpmWriter.cpp in Sources */ = {isa = PBXBuildFile; fileRef = 195FE995299E01670049D797 /* PpmWriter.cpp */; };
/* End PBXBuildFile section */

/* Begin PBXCopyFilesBuildPhase section */
		19457B63299D4B720036E5B7 /* CopyFiles */ = {
			isa = PBXCopyFilesBuildPhase;
			buildActionMask = 2147483647;
			dstPath = /usr/share/man/man1/;
			dstSubfolderSpec = 0;
			files = (
			);
			runOnlyForDeploymentPostprocessing = 1;
		};
/* End PBXCopyFilesBuildPhase section */

/* Begin PBXFileReference section */
		19457B65299D4B730036E5B7 /* raytracer_2 */ = {isa = PBXFileReference; explicitFileType = "compiled.mach-o.executable"; includeInIndex = 0; path = raytracer_2; sourceTree = BUILT_PRODUCTS_DIR; };
		19457B68299D4B730036E5B7 /* main.cpp */ = {isa = PBXFileReference; lastKnownFileType = sourcecode.cpp.cpp; path = main.cpp; sourceTree = "<group>"; };
		19457B6F299D4BB50036E5B7 /* Scene.cpp */ = {isa = PBXFileReference; lastKnownFileType = sourcecode.cpp.cpp; path = Scene.cpp; sourceTree = "<group>"; };
		19457B70299D4BB50036E5B7 /* Scene.hpp */ = {isa = PBXFileReference; lastKnownFileType = sourcecode.cpp.h; path = Scene.hpp; sourceTree = "<group>"; };
		19457B72299D4BF10036E5B7 /* Camera.h */ = {isa = PBXFileReference; lastKnownFileType = sourcecode.c.h; path = Camera.h; sourceTree = "<group>"; };
		19457B73299D4C0D0036E5B7 /* Raytracer.cpp */ = {isa = PBXFileReference; lastKnownFileType = sourcecode.cpp.cpp; path = Raytracer.cpp; sourceTree = "<group>"; };
		19457B74299D4C0D0036E5B7 /* Raytracer.hpp */ = {isa = PBXFileReference; lastKnownFileType = sourcecode.cpp.h; path = Raytracer.hpp; sourceTree = "<group>"; };
		19457B76299D4C2C0036E5B7 /* SceneParser.cpp */ = {isa = PBXFileReference; lastKnownFileType = sourcecode.cpp.cpp; path = SceneParser.cpp; sourceTree = "<group>"; };
		19457B77299D4C2C0036E5B7 /* SceneParser.hpp */ = {isa = PBXFileReference; lastKnownFileType = sourcecode.cpp.h; path = SceneParser.hpp; sourceTree = "<group>"; };
		19457B79299D4C9C0036E5B7 /* vec3.cpp */ = {isa = PBXFileReference; lastKnownFileType = sourcecode.cpp.cpp; path = vec3.cpp; sourceTree = "<group>"; };
		19457B7A299D4C9C0036E5B7 /* vec3.hpp */ = {isa = PBXFileReference; lastKnownFileType = sourcecode.cpp.h; path = vec3.hpp; sourceTree = "<group>"; };
		19457B7C299D4CC60036E5B7 /* Sphere.h */ = {isa = PBXFileReference; lastKnownFileType = sourcecode.c.h; path = Sphere.h; sourceTree = "<group>"; };
		19457B7D299D4F410036E5B7 /* inputs */ = {isa = PBXFileReference; lastKnownFileType = folder; path = inputs; sourceTree = "<group>"; };
		194D1A6E299F4A2600D0CCCB /* Ray.cpp */ = {isa = PBXFileReference; lastKnownFileType = sourcecode.cpp.cpp; path = Ray.cpp; sourceTree = "<group>"; };
		194D1A6F299F4A2600D0CCCB /* Ray.hpp */ = {isa = PBXFileReference; lastKnownFileType = sourcecode.cpp.h; path = Ray.hpp; sourceTree = "<group>"; };
		195FE995299E01670049D797 /* PpmWriter.cpp */ = {isa = PBXFileReference; lastKnownFileType = sourcecode.cpp.cpp; path = PpmWriter.cpp; sourceTree = "<group>"; };
		195FE996299E01670049D797 /* PpmWriter.hpp */ = {isa = PBXFileReference; lastKnownFileType = sourcecode.cpp.h; path = PpmWriter.hpp; sourceTree = "<group>"; };
/* End PBXFileReference section */

/* Begin PBXFrameworksBuildPhase section */
		19457B62299D4B720036E5B7 /* Frameworks */ = {
			isa = PBXFrameworksBuildPhase;
			buildActionMask = 2147483647;
			files = (
			);
			runOnlyForDeploymentPostprocessing = 0;
		};
/* End PBXFrameworksBuildPhase section */

/* Begin PBXGroup section */
		19457B5C299D4B720036E5B7 = {
			isa = PBXGroup;
			children = (
				19457B67299D4B730036E5B7 /* raytracer_2 */,
				19457B66299D4B730036E5B7 /* Products */,
			);
			sourceTree = "<group>";
		};
		19457B66299D4B730036E5B7 /* Products */ = {
			isa = PBXGroup;
			children = (
				19457B65299D4B730036E5B7 /* raytracer_2 */,
			);
			name = Products;
			sourceTree = "<group>";
		};
		19457B67299D4B730036E5B7 /* raytracer_2 */ = {
			isa = PBXGroup;
			children = (
				19457B6F299D4BB50036E5B7 /* Scene.cpp */,
				19457B70299D4BB50036E5B7 /* Scene.hpp */,
				19457B68299D4B730036E5B7 /* main.cpp */,
				19457B72299D4BF10036E5B7 /* Camera.h */,
				19457B73299D4C0D0036E5B7 /* Raytracer.cpp */,
				19457B74299D4C0D0036E5B7 /* Raytracer.hpp */,
				19457B7D299D4F410036E5B7 /* inputs */,
				19457B76299D4C2C0036E5B7 /* SceneParser.cpp */,
				19457B77299D4C2C0036E5B7 /* SceneParser.hpp */,
				19457B79299D4C9C0036E5B7 /* vec3.cpp */,
				19457B7A299D4C9C0036E5B7 /* vec3.hpp */,
				19457B7C299D4CC60036E5B7 /* Sphere.h */,
				195FE995299E01670049D797 /* PpmWriter.cpp */,
				195FE996299E01670049D797 /* PpmWriter.hpp */,
				194D1A6E299F4A2600D0CCCB /* Ray.cpp */,
				194D1A6F299F4A2600D0CCCB /* Ray.hpp */,
			);
			path = raytracer_2;
			sourceTree = "<group>";
		};
/* End PBXGroup section */

/* Begin PBXNativeTarget section */
		19457B64299D4B720036E5B7 /* raytracer_2 */ = {
			isa = PBXNativeTarget;
			buildConfigurationList = 19457B6C299D4B730036E5B7 /* Build configuration list for PBXNativeTarget "raytracer_2" */;
			buildPhases = (
				19457B61299D4B720036E5B7 /* Sources */,
				19457B62299D4B720036E5B7 /* Frameworks */,
				19457B63299D4B720036E5B7 /* CopyFiles */,
			);
			buildRules = (
			);
			dependencies = (
			);
			name = raytracer_2;
			productName = raytracer_2;
			productReference = 19457B65299D4B730036E5B7 /* raytracer_2 */;
			productType = "com.apple.product-type.tool";
		};
/* End PBXNativeTarget section */

/* Begin PBXProject section */
		19457B5D299D4B720036E5B7 /* Project object */ = {
			isa = PBXProject;
			attributes = {
				BuildIndependentTargetsInParallel = 1;
				LastUpgradeCheck = 1420;
				TargetAttributes = {
					19457B64299D4B720036E5B7 = {
						CreatedOnToolsVersion = 14.2;
					};
				};
			};
			buildConfigurationList = 19457B60299D4B720036E5B7 /* Build configuration list for PBXProject "raytracer_2" */;
			compatibilityVersion = "Xcode 14.0";
			developmentRegion = en;
			hasScannedForEncodings = 0;
			knownRegions = (
				en,
				Base,
			);
			mainGroup = 19457B5C299D4B720036E5B7;
			productRefGroup = 19457B66299D4B730036E5B7 /* Products */;
			projectDirPath = "";
			projectRoot = "";
			targets = (
				19457B64299D4B720036E5B7 /* raytracer_2 */,
			);
		};
/* End PBXProject section */

/* Begin PBXSourcesBuildPhase section */
		19457B61299D4B720036E5B7 /* Sources */ = {
			isa = PBXSourcesBuildPhase;
			buildActionMask = 2147483647;
			files = (
				19457B75299D4C0D0036E5B7 /* Raytracer.cpp in Sources */,
				19457B71299D4BB50036E5B7 /* Scene.cpp in Sources */,
				195FE997299E01670049D797 /* PpmWriter.cpp in Sources */,
				19457B69299D4B730036E5B7 /* main.cpp in Sources */,
				194D1A70299F4A2600D0CCCB /* Ray.cpp in Sources */,
				19457B7B299D4C9C0036E5B7 /* vec3.cpp in Sources */,
				19457B78299D4C2C0036E5B7 /* SceneParser.cpp in Sources */,
			);
			runOnlyForDeploymentPostprocessing = 0;
		};
/* End PBXSourcesBuildPhase section */

/* Begin XCBuildConfiguration section */
		19457B6A299D4B730036E5B7 /* Debug */ = {
			isa = XCBuildConfiguration;
			buildSettings = {
				ALWAYS_SEARCH_USER_PATHS = NO;
				CLANG_ANALYZER_NONNULL = YES;
				CLANG_ANALYZER_NUMBER_OBJECT_CONVERSION = YES_AGGRESSIVE;
				CLANG_CXX_LANGUAGE_STANDARD = "gnu++20";
				CLANG_ENABLE_MODULES = YES;
				CLANG_ENABLE_OBJC_ARC = YES;
				CLANG_ENABLE_OBJC_WEAK = YES;
				CLANG_WARN_BLOCK_CAPTURE_AUTORELEASING = YES;
				CLANG_WARN_BOOL_CONVERSION = YES;
				CLANG_WARN_COMMA = YES;
				CLANG_WARN_CONSTANT_CONVERSION = YES;
				CLANG_WARN_DEPRECATED_OBJC_IMPLEMENTATIONS = YES;
				CLANG_WARN_DIRECT_OBJC_ISA_USAGE = YES_ERROR;
				CLANG_WARN_DOCUMENTATION_COMMENTS = YES;
				CLANG_WARN_EMPTY_BODY = YES;
				CLANG_WARN_ENUM_CONVERSION = YES;
				CLANG_WARN_INFINITE_RECURSION = YES;
				CLANG_WARN_INT_CONVERSION = YES;
				CLANG_WARN_NON_LITERAL_NULL_CONVERSION = YES;
				CLANG_WARN_OBJC_IMPLICIT_RETAIN_SELF = YES;
				CLANG_WARN_OBJC_LITERAL_CONVERSION = YES;
				CLANG_WARN_OBJC_ROOT_CLASS = YES_ERROR;
				CLANG_WARN_QUOTED_INCLUDE_IN_FRAMEWORK_HEADER = YES;
				CLANG_WARN_RANGE_LOOP_ANALYSIS = YES;
				CLANG_WARN_STRICT_PROTOTYPES = YES;
				CLANG_WARN_SUSPICIOUS_MOVE = YES;
				CLANG_WARN_UNGUARDED_AVAILABILITY = YES_AGGRESSIVE;
				CLANG_WARN_UNREACHABLE_CODE = YES;
				CLANG_WARN__DUPLICATE_METHOD_MATCH = YES;
				COPY_PHASE_STRIP = NO;
				DEBUG_INFORMATION_FORMAT = dwarf;
				ENABLE_STRICT_OBJC_MSGSEND = YES;
				ENABLE_TESTABILITY = YES;
				GCC_C_LANGUAGE_STANDARD = gnu11;
				GCC_DYNAMIC_NO_PIC = NO;
				GCC_NO_COMMON_BLOCKS = YES;
				GCC_OPTIMIZATION_LEVEL = 0;
				GCC_PREPROCESSOR_DEFINITIONS = (
					"DEBUG=1",
					"$(inherited)",
				);
				GCC_WARN_64_TO_32_BIT_CONVERSION = YES;
				GCC_WARN_ABOUT_RETURN_TYPE = YES_ERROR;
				GCC_WARN_UNDECLARED_SELECTOR = YES;
				GCC_WARN_UNINITIALIZED_AUTOS = YES_AGGRESSIVE;
				GCC_WARN_UNUSED_FUNCTION = YES;
				GCC_WARN_UNUSED_VARIABLE = YES;
				MACOSX_DEPLOYMENT_TARGET = 12.6;
				MTL_ENABLE_DEBUG_INFO = INCLUDE_SOURCE;
				MTL_FAST_MATH = YES;
				ONLY_ACTIVE_ARCH = YES;
				SDKROOT = macosx;
			};
			name = Debug;
		};
		19457B6B299D4B730036E5B7 /* Release */ = {
			isa = XCBuildConfiguration;
			buildSettings = {
				ALWAYS_SEARCH_USER_PATHS = NO;
				CLANG_ANALYZER_NONNULL = YES;
				CLANG_ANALYZER_NUMBER_OBJECT_CONVERSION = YES_AGGRESSIVE;
				CLANG_CXX_LANGUAGE_STANDARD = "gnu++20";
				CLANG_ENABLE_MODULES = YES;
				CLANG_ENABLE_OBJC_ARC = YES;
				CLANG_ENABLE_OBJC_WEAK = YES;
				CLANG_WARN_BLOCK_CAPTURE_AUTORELEASING = YES;
				CLANG_WARN_BOOL_CONVERSION = YES;
				CLANG_WARN_COMMA = YES;
				CLANG_WARN_CONSTANT_CONVERSION = YES;
				CLANG_WARN_DEPRECATED_OBJC_IMPLEMENTATIONS = YES;
				CLANG_WARN_DIRECT_OBJC_ISA_USAGE = YES_ERROR;
				CLANG_WARN_DOCUMENTATION_COMMENTS = YES;
				CLANG_WARN_EMPTY_BODY = YES;
				CLANG_WARN_ENUM_CONVERSION = YES;
				CLANG_WARN_INFINITE_RECURSION = YES;
				CLANG_WARN_INT_CONVERSION = YES;
				CLANG_WARN_NON_LITERAL_NULL_CONVERSION = YES;
				CLANG_WARN_OBJC_IMPLICIT_RETAIN_SELF = YES;
				CLANG_WARN_OBJC_LITERAL_CONVERSION = YES;
				CLANG_WARN_OBJC_ROOT_CLASS = YES_ERROR;
				CLANG_WARN_QUOTED_INCLUDE_IN_FRAMEWORK_HEADER = YES;
				CLANG_WARN_RANGE_LOOP_ANALYSIS = YES;
				CLANG_WARN_STRICT_PROTOTYPES = YES;
				CLANG_WARN_SUSPICIOUS_MOVE = YES;
				CLANG_WARN_UNGUARDED_AVAILABILITY = YES_AGGRESSIVE;
				CLANG_WARN_UNREACHABLE_CODE = YES;
				CLANG_WARN__DUPLICATE_METHOD_MATCH = YES;
				COPY_PHASE_STRIP = NO;
				DEBUG_INFORMATION_FORMAT = "dwarf-with-dsym";
				ENABLE_NS_ASSERTIONS = NO;
				ENABLE_STRICT_OBJC_MSGSEND = YES;
				GCC_C_LANGUAGE_STANDARD = gnu11;
				GCC_NO_COMMON_BLOCKS = YES;
				GCC_WARN_64_TO_32_BIT_CONVERSION = YES;
				GCC_WARN_ABOUT_RETURN_TYPE = YES_ERROR;
				GCC_WARN_UNDECLARED_SELECTOR = YES;
				GCC_WARN_UNINITIALIZED_AUTOS = YES_AGGRESSIVE;
				GCC_WARN_UNUSED_FUNCTION = YES;
				GCC_WARN_UNUSED_VARIABLE = YES;
				MACOSX_DEPLOYMENT_TARGET = 12.6;
				MTL_ENABLE_DEBUG_INFO = NO;
				MTL_FAST_MATH = YES;
				SDKROOT = macosx;
			};
			name = Release;
		};
		19457B6D299D4B730036E5B7 /* Debug */ = {
			isa = XCBuildConfiguration;
			buildSettings = {
				CODE_SIGN_STYLE = Automatic;
				PRODUCT_NAME = "$(TARGET_NAME)";
			};
			name = Debug;
		};
		19457B6E299D4B730036E5B7 /* Release */ = {
			isa = XCBuildConfiguration;
			buildSettings = {
				CODE_SIGN_STYLE = Automatic;
				PRODUCT_NAME = "$(TARGET_NAME)";
			};
			name = Release;
		};
/* End XCBuildConfiguration section */

/* Begin XCConfigurationList section */
		19457B60299D4B720036E5B7 /* Build configuration list for PBXProject "raytracer_2" */ = {
			isa = XCConfigurationList;
			buildConfigurations = (
				19457B6A299D4B730036E5B7 /* Debug */,
				19457B6B299D4B730036E5B7 /* Release */,
			);
			defaultConfigurationIsVisible = 0;
			defaultConfigurationName = Release;
		};
		19457B6C299D4B730036E5B7 /* Build configuration list for PBXNativeTarget "raytracer_2" */ = {
			isa = XCConfigurationList;
			buildConfigurations = (
				19457B6D299D4B730036E5B7 /* Debug */,
				19457B6E299D4B730036E5B7 /* Release */,
			);
			defaultConfigurationIsVisible = 0;
			defaultConfigurationName = Release;
		};
/* End XCConfigurationList section */
	};
	rootObject = 19457B5D299D4B720036E5B7 /* Project object */;
}
